
Microsoft Visual Studio Solution File, Format Version 12.00
# Visual Studio Version 17
VisualStudioVersion = 17.1.32319.34
MinimumVisualStudioVersion = 10.0.40219.1
Project("{9A19103F-16F7-4668-BE54-9A1E7A4F7556}") = "InspectionAPI", "InspectionAPI\InspectionAPI.csproj", "{6345BF42-D2F7-4680-B159-70621EF522EE}"
EndProject
Project("{2150E333-8FDC-42A3-9474-1A3956D46DE8}") = "Solution Items", "Solution Items", "{B2549D18-DA47-4A0E-8A4B-0FABB53E06BF}"
	ProjectSection(SolutionItems) = preProject
		.editorconfig = .editorconfig
	EndProjectSection
EndProject
Global
	GlobalSection(SolutionConfigurationPlatforms) = preSolution
		Debug|Any CPU = Debug|Any CPU
		Release|Any CPU = Release|Any CPU
	EndGlobalSection
	GlobalSection(ProjectConfigurationPlatforms) = postSolution
		{6345BF42-D2F7-4680-B159-70621EF522EE}.Debug|Any CPU.ActiveCfg = Debug|Any CPU
		{6345BF42-D2F7-4680-B159-70621EF522EE}.Debug|Any CPU.Build.0 = Debug|Any CPU
		{6345BF42-D2F7-4680-B159-70621EF522EE}.Release|Any CPU.ActiveCfg = Release|Any CPU
		{6345BF42-D2F7-4680-B159-70621EF522EE}.Release|Any CPU.Build.0 = Release|Any CPU
	EndGlobalSection
	GlobalSection(SolutionProperties) = preSolution
		HideSolutionNode = FALSE
	EndGlobalSection
	GlobalSection(ExtensibilityGlobals) = postSolution
		SolutionGuid = {EC84FE8E-676E-4770-9816-8AF9510302F8}
	EndGlobalSection
EndGlobal
